
Microsoft Visual Studio Solution File, Format Version 12.00
# Visual Studio Version 17
VisualStudioVersion = 17.1.32421.90
MinimumVisualStudioVersion = 10.0.40219.1
Project("{FAE04EC0-301F-11D3-BF4B-00C04F79EFBC}") = "MovieTickets", "MovieTickets\MovieTickets.csproj", "{3A50344E-5F4E-45B4-8C0A-44F02F181E83}"
EndProject
Global
	GlobalSection(SolutionConfigurationPlatforms) = preSolution
		Debug|Any CPU = Debug|Any CPU
		Release|Any CPU = Release|Any CPU
	EndGlobalSection
	GlobalSection(ProjectConfigurationPlatforms) = postSolution
		{3A50344E-5F4E-45B4-8C0A-44F02F181E83}.Debug|Any CPU.ActiveCfg = Debug|Any CPU
		{3A50344E-5F4E-45B4-8C0A-44F02F181E83}.Debug|Any CPU.Build.0 = Debug|Any CPU
		{3A50344E-5F4E-45B4-8C0A-44F02F181E83}.Release|Any CPU.ActiveCfg = Release|Any CPU
		{3A50344E-5F4E-45B4-8C0A-44F02F181E83}.Release|Any CPU.Build.0 = Release|Any CPU
	EndGlobalSection
	GlobalSection(SolutionProperties) = preSolution
		HideSolutionNode = FALSE
	EndGlobalSection
	GlobalSection(ExtensibilityGlobals) = postSolution
		SolutionGuid = {F933E331-8788-4E13-B61F-D49BB575DF5C}
	EndGlobalSection
EndGlobal
